
Microsoft Visual Studio Solution File, Format Version 12.00
# Visual Studio Version 17
VisualStudioVersion = 17.11.35303.130
MinimumVisualStudioVersion = 10.0.40219.1
Project("{2150E333-8FDC-42A3-9474-1A3956D46DE8}") = "01.Presentacion", "01.Presentacion", "{4B2974A1-EFBF-4D48-B73E-1EE00EF360ED}"
EndProject
Project("{2150E333-8FDC-42A3-9474-1A3956D46DE8}") = "02.Core", "02.Core", "{576AB42C-97CD-4843-89DD-38545F3C683E}"
EndProject
Project("{2150E333-8FDC-42A3-9474-1A3956D46DE8}") = "03.Infraestuctura", "03.Infraestuctura", "{7417EF5F-D527-4B1F-AC73-8F43C0D98D38}"
EndProject
Project("{9A19103F-16F7-4668-BE54-9A1E7A4F7556}") = "BACK.UI.API", "01.Presentacion\BACK.UI.API\BACK.UI.API.csproj", "{D7BB9BAB-C407-42D7-AC2F-AD5AD904463C}"
EndProject
Project("{9A19103F-16F7-4668-BE54-9A1E7A4F7556}") = "BACK.UI.Controllers", "01.Presentacion\BACK.UI.Controllers\BACK.UI.Controllers.csproj", "{59D894EA-462F-4218-AB48-F8A76CCDD32C}"
EndProject
Project("{9A19103F-16F7-4668-BE54-9A1E7A4F7556}") = "BACK.CORE", "02.Core\BACK.CORE\BACK.CORE.csproj", "{297AE40F-496B-4399-ACD3-72290E781726}"
EndProject
Project("{9A19103F-16F7-4668-BE54-9A1E7A4F7556}") = "BACK.CORE.Interfaces", "02.Core\BACK.CORE.Interfaces\BACK.CORE.Interfaces.csproj", "{C162E0EB-6A39-4B41-80AE-D6068326642E}"
EndProject
Project("{9A19103F-16F7-4668-BE54-9A1E7A4F7556}") = "BACK.CORE.Services", "02.Core\BACK.CORE.Services\BACK.CORE.Services.csproj", "{C98DDF30-41BE-4F5A-83D2-49F460D6783A}"
EndProject
Project("{9A19103F-16F7-4668-BE54-9A1E7A4F7556}") = "BACK.IL.Helpers", "03.Infraestructura\BACK.IL.Helpers\BACK.IL.Helpers.csproj", "{E2DDDD68-C003-4C9C-900B-996E5A173A1F}"
EndProject
Project("{9A19103F-16F7-4668-BE54-9A1E7A4F7556}") = "BACK.IL.Mapper.AM", "03.Infraestructura\BACK.IL.Mapper.AM\BACK.IL.Mapper.AM.csproj", "{B44DBCB5-CA1F-4CE5-9A3F-6A1A28B314CE}"
EndProject
Project("{9A19103F-16F7-4668-BE54-9A1E7A4F7556}") = "BACK.IL.Repository.EF", "03.Infraestructura\BACK.IL.Repository.EF\BACK.IL.Repository.EF.csproj", "{0CF9A2C5-E315-45F6-9F41-F34CB5F4D1F5}"
EndProject
Global
	GlobalSection(SolutionConfigurationPlatforms) = preSolution
		Debug|Any CPU = Debug|Any CPU
		Release|Any CPU = Release|Any CPU
	EndGlobalSection
	GlobalSection(ProjectConfigurationPlatforms) = postSolution
		{D7BB9BAB-C407-42D7-AC2F-AD5AD904463C}.Debug|Any CPU.ActiveCfg = Debug|Any CPU
		{D7BB9BAB-C407-42D7-AC2F-AD5AD904463C}.Debug|Any CPU.Build.0 = Debug|Any CPU
		{D7BB9BAB-C407-42D7-AC2F-AD5AD904463C}.Release|Any CPU.ActiveCfg = Release|Any CPU
		{D7BB9BAB-C407-42D7-AC2F-AD5AD904463C}.Release|Any CPU.Build.0 = Release|Any CPU
		{59D894EA-462F-4218-AB48-F8A76CCDD32C}.Debug|Any CPU.ActiveCfg = Debug|Any CPU
		{59D894EA-462F-4218-AB48-F8A76CCDD32C}.Debug|Any CPU.Build.0 = Debug|Any CPU
		{59D894EA-462F-4218-AB48-F8A76CCDD32C}.Release|Any CPU.ActiveCfg = Release|Any CPU
		{59D894EA-462F-4218-AB48-F8A76CCDD32C}.Release|Any CPU.Build.0 = Release|Any CPU
		{297AE40F-496B-4399-ACD3-72290E781726}.Debug|Any CPU.ActiveCfg = Debug|Any CPU
		{297AE40F-496B-4399-ACD3-72290E781726}.Debug|Any CPU.Build.0 = Debug|Any CPU
		{297AE40F-496B-4399-ACD3-72290E781726}.Release|Any CPU.ActiveCfg = Release|Any CPU
		{297AE40F-496B-4399-ACD3-72290E781726}.Release|Any CPU.Build.0 = Release|Any CPU
		{C162E0EB-6A39-4B41-80AE-D6068326642E}.Debug|Any CPU.ActiveCfg = Debug|Any CPU
		{C162E0EB-6A39-4B41-80AE-D6068326642E}.Debug|Any CPU.Build.0 = Debug|Any CPU
		{C162E0EB-6A39-4B41-80AE-D6068326642E}.Release|Any CPU.ActiveCfg = Release|Any CPU
		{C162E0EB-6A39-4B41-80AE-D6068326642E}.Release|Any CPU.Build.0 = Release|Any CPU
		{C98DDF30-41BE-4F5A-83D2-49F460D6783A}.Debug|Any CPU.ActiveCfg = Debug|Any CPU
		{C98DDF30-41BE-4F5A-83D2-49F460D6783A}.Debug|Any CPU.Build.0 = Debug|Any CPU
		{C98DDF30-41BE-4F5A-83D2-49F460D6783A}.Release|Any CPU.ActiveCfg = Release|Any CPU
		{C98DDF30-41BE-4F5A-83D2-49F460D6783A}.Release|Any CPU.Build.0 = Release|Any CPU
		{E2DDDD68-C003-4C9C-900B-996E5A173A1F}.Debug|Any CPU.ActiveCfg = Debug|Any CPU
		{E2DDDD68-C003-4C9C-900B-996E5A173A1F}.Debug|Any CPU.Build.0 = Debug|Any CPU
		{E2DDDD68-C003-4C9C-900B-996E5A173A1F}.Release|Any CPU.ActiveCfg = Release|Any CPU
		{E2DDDD68-C003-4C9C-900B-996E5A173A1F}.Release|Any CPU.Build.0 = Release|Any CPU
		{B44DBCB5-CA1F-4CE5-9A3F-6A1A28B314CE}.Debug|Any CPU.ActiveCfg = Debug|Any CPU
		{B44DBCB5-CA1F-4CE5-9A3F-6A1A28B314CE}.Debug|Any CPU.Build.0 = Debug|Any CPU
		{B44DBCB5-CA1F-4CE5-9A3F-6A1A28B314CE}.Release|Any CPU.ActiveCfg = Release|Any CPU
		{B44DBCB5-CA1F-4CE5-9A3F-6A1A28B314CE}.Release|Any CPU.Build.0 = Release|Any CPU
		{0CF9A2C5-E315-45F6-9F41-F34CB5F4D1F5}.Debug|Any CPU.ActiveCfg = Debug|Any CPU
		{0CF9A2C5-E315-45F6-9F41-F34CB5F4D1F5}.Debug|Any CPU.Build.0 = Debug|Any CPU
		{0CF9A2C5-E315-45F6-9F41-F34CB5F4D1F5}.Release|Any CPU.ActiveCfg = Release|Any CPU
		{0CF9A2C5-E315-45F6-9F41-F34CB5F4D1F5}.Release|Any CPU.Build.0 = Release|Any CPU
	EndGlobalSection
	GlobalSection(SolutionProperties) = preSolution
		HideSolutionNode = FALSE
	EndGlobalSection
	GlobalSection(NestedProjects) = preSolution
		{D7BB9BAB-C407-42D7-AC2F-AD5AD904463C} = {4B2974A1-EFBF-4D48-B73E-1EE00EF360ED}
		{59D894EA-462F-4218-AB48-F8A76CCDD32C} = {4B2974A1-EFBF-4D48-B73E-1EE00EF360ED}
		{297AE40F-496B-4399-ACD3-72290E781726} = {576AB42C-97CD-4843-89DD-38545F3C683E}
		{C162E0EB-6A39-4B41-80AE-D6068326642E} = {576AB42C-97CD-4843-89DD-38545F3C683E}
		{C98DDF30-41BE-4F5A-83D2-49F460D6783A} = {576AB42C-97CD-4843-89DD-38545F3C683E}
		{E2DDDD68-C003-4C9C-900B-996E5A173A1F} = {7417EF5F-D527-4B1F-AC73-8F43C0D98D38}
		{B44DBCB5-CA1F-4CE5-9A3F-6A1A28B314CE} = {7417EF5F-D527-4B1F-AC73-8F43C0D98D38}
		{0CF9A2C5-E315-45F6-9F41-F34CB5F4D1F5} = {7417EF5F-D527-4B1F-AC73-8F43C0D98D38}
	EndGlobalSection
	GlobalSection(ExtensibilityGlobals) = postSolution
		SolutionGuid = {3712388B-4FC3-4A76-B9E3-289069A8549A}
	EndGlobalSection
EndGlobal
